
Microsoft Visual Studio Solution File, Format Version 12.00
# Visual Studio 15
VisualStudioVersion = 15.0.27130.2010
MinimumVisualStudioVersion = 10.0.40219.1
Project("{FAE04EC0-301F-11D3-BF4B-00C04F79EFBC}") = "DotNetProject", "DotNetProject\DotNetProject.csproj", "{68B22624-A1F7-451C-9729-C860BC5025F5}"
EndProject
Global
	GlobalSection(SolutionConfigurationPlatforms) = preSolution
		Debug|Any CPU = Debug|Any CPU
		Release|Any CPU = Release|Any CPU
	EndGlobalSection
	GlobalSection(ProjectConfigurationPlatforms) = postSolution
		{68B22624-A1F7-451C-9729-C860BC5025F5}.Debug|Any CPU.ActiveCfg = Debug|Any CPU
		{68B22624-A1F7-451C-9729-C860BC5025F5}.Debug|Any CPU.Build.0 = Debug|Any CPU
		{68B22624-A1F7-451C-9729-C860BC5025F5}.Release|Any CPU.ActiveCfg = Release|Any CPU
		{68B22624-A1F7-451C-9729-C860BC5025F5}.Release|Any CPU.Build.0 = Release|Any CPU
	EndGlobalSection
	GlobalSection(SolutionProperties) = preSolution
		HideSolutionNode = FALSE
	EndGlobalSection
	GlobalSection(ExtensibilityGlobals) = postSolution
		SolutionGuid = {21D776C0-9180-46AA-BC4C-412352F3C1CF}
	EndGlobalSection
EndGlobal
